
Microsoft Visual Studio Solution File, Format Version 12.00
# Visual Studio Version 16
VisualStudioVersion = 16.0.31613.86
MinimumVisualStudioVersion = 10.0.40219.1
Project("{FAE04EC0-301F-11D3-BF4B-00C04F79EFBC}") = "uwusenpai", "uwusenpai.csproj", "{AAF4FC02-899B-44C9-86CB-AAE725C7F425}"
EndProject
Global
	GlobalSection(SolutionConfigurationPlatforms) = preSolution
		Debug|Any CPU = Debug|Any CPU
		Release|Any CPU = Release|Any CPU
	EndGlobalSection
	GlobalSection(ProjectConfigurationPlatforms) = postSolution
		{AAF4FC02-899B-44C9-86CB-AAE725C7F425}.Debug|Any CPU.ActiveCfg = Debug|Any CPU
		{AAF4FC02-899B-44C9-86CB-AAE725C7F425}.Debug|Any CPU.Build.0 = Debug|Any CPU
		{AAF4FC02-899B-44C9-86CB-AAE725C7F425}.Release|Any CPU.ActiveCfg = Release|Any CPU
		{AAF4FC02-899B-44C9-86CB-AAE725C7F425}.Release|Any CPU.Build.0 = Release|Any CPU
	EndGlobalSection
	GlobalSection(SolutionProperties) = preSolution
		HideSolutionNode = FALSE
	EndGlobalSection
	GlobalSection(ExtensibilityGlobals) = postSolution
		SolutionGuid = {04997F5A-7B9D-474D-9A4D-E84608C9B18E}
	EndGlobalSection
EndGlobal
